// !$*UTF8*$!
{
	archiveVersion = 1;
	classes = {
	};
	objectVersion = 46;
	objects = {

/* Begin PBXBuildFile section */
		A43D9EE51CEEEC1000BEB72A /* main.m in Sources */ = {isa = PBXBuildFile; fileRef = A43D9EE41CEEEC1000BEB72A /* main.m */; };
		A43D9EE81CEEEC1000BEB72A /* AppDelegate.m in Sources */ = {isa = PBXBuildFile; fileRef = A43D9EE71CEEEC1000BEB72A /* AppDelegate.m */; };
		A43D9EEB1CEEEC1000BEB72A /* ViewController.m in Sources */ = {isa = PBXBuildFile; fileRef = A43D9EEA1CEEEC1000BEB72A /* ViewController.m */; };
		A43D9EEE1CEEEC1000BEB72A /* Main.storyboard in Resources */ = {isa = PBXBuildFile; fileRef = A43D9EEC1CEEEC1000BEB72A /* Main.storyboard */; };
		A43D9EF01CEEEC1000BEB72A /* Assets.xcassets in Resources */ = {isa = PBXBuildFile; fileRef = A43D9EEF1CEEEC1000BEB72A /* Assets.xcassets */; };
		A43D9EF31CEEEC1000BEB72A /* LaunchScreen.storyboard in Resources */ = {isa = PBXBuildFile; fileRef = A43D9EF11CEEEC1000BEB72A /* LaunchScreen.storyboard */; };
		A43D9EFE1CEEEC1000BEB72A /* SYTransformModelDemoTests.m in Sources */ = {isa = PBXBuildFile; fileRef = A43D9EFD1CEEEC1000BEB72A /* SYTransformModelDemoTests.m */; };
		A43D9F0B1CEEF12000BEB72A /* SYOtherController.m in Sources */ = {isa = PBXBuildFile; fileRef = A43D9F0A1CEEF12000BEB72A /* SYOtherController.m */; };
		A43D9F0E1CEEF3E900BEB72A /* SYJSONParsing.m in Sources */ = {isa = PBXBuildFile; fileRef = A43D9F0D1CEEF3E900BEB72A /* SYJSONParsing.m */; };
		A43D9F121CEEFBF200BEB72A /* SYBaseModel.m in Sources */ = {isa = PBXBuildFile; fileRef = A43D9F111CEEFBF200BEB72A /* SYBaseModel.m */; };
		A43D9F151CEEFFB500BEB72A /* SYTudouAPIModel.m in Sources */ = {isa = PBXBuildFile; fileRef = A43D9F141CEEFFB500BEB72A /* SYTudouAPIModel.m */; };
		A43D9F181CEF1A2000BEB72A /* SYModelDescription.m in Sources */ = {isa = PBXBuildFile; fileRef = A43D9F171CEF1A2000BEB72A /* SYModelDescription.m */; };
		A4484BE21CF2D5C40011D6A2 /* SYAiqiyiModel.m in Sources */ = {isa = PBXBuildFile; fileRef = A4484BE11CF2D5C40011D6A2 /* SYAiqiyiModel.m */; };
		A4484BE51CF2E1410011D6A2 /* SYBaikeModel.m in Sources */ = {isa = PBXBuildFile; fileRef = A4484BE41CF2E1410011D6A2 /* SYBaikeModel.m */; };
		A4484BE71CF2E6D60011D6A2 /* testJson.json in Resources */ = {isa = PBXBuildFile; fileRef = A4484BE61CF2E6D60011D6A2 /* testJson.json */; };
		A4484BEA1CF2E6EE0011D6A2 /* SYTestModel.m in Sources */ = {isa = PBXBuildFile; fileRef = A4484BE91CF2E6EE0011D6A2 /* SYTestModel.m */; };
		A4484BED1CF2EFC90011D6A2 /* SYBaikeController.m in Sources */ = {isa = PBXBuildFile; fileRef = A4484BEC1CF2EFC90011D6A2 /* SYBaikeController.m */; };
		A4484BF01CF2F0680011D6A2 /* SYAiqiyiController.m in Sources */ = {isa = PBXBuildFile; fileRef = A4484BEF1CF2F0680011D6A2 /* SYAiqiyiController.m */; };
		A4484BF31CF2F0E70011D6A2 /* SYTudouController.m in Sources */ = {isa = PBXBuildFile; fileRef = A4484BF21CF2F0E70011D6A2 /* SYTudouController.m */; };
		A4484C161CF2F7EE0011D6A2 /* MKAnnotationView+WebCache.m in Sources */ = {isa = PBXBuildFile; fileRef = A4484BF61CF2F7EE0011D6A2 /* MKAnnotationView+WebCache.m */; };
		A4484C171CF2F7EE0011D6A2 /* NSData+ImageContentType.m in Sources */ = {isa = PBXBuildFile; fileRef = A4484BF81CF2F7EE0011D6A2 /* NSData+ImageContentType.m */; };
		A4484C181CF2F7EE0011D6A2 /* SDImageCache.m in Sources */ = {isa = PBXBuildFile; fileRef = A4484BFA1CF2F7EE0011D6A2 /* SDImageCache.m */; };
		A4484C191CF2F7EE0011D6A2 /* SDWebImageCompat.m in Sources */ = {isa = PBXBuildFile; fileRef = A4484BFC1CF2F7EE0011D6A2 /* SDWebImageCompat.m */; };
		A4484C1A1CF2F7EE0011D6A2 /* SDWebImageDecoder.m in Sources */ = {isa = PBXBuildFile; fileRef = A4484BFE1CF2F7EE0011D6A2 /* SDWebImageDecoder.m */; };
		A4484C1B1CF2F7EE0011D6A2 /* SDWebImageDownloader.m in Sources */ = {isa = PBXBuildFile; fileRef = A4484C001CF2F7EE0011D6A2 /* SDWebImageDownloader.m */; };
		A4484C1C1CF2F7EE0011D6A2 /* SDWebImageDownloaderOperation.m in Sources */ = {isa = PBXBuildFile; fileRef = A4484C021CF2F7EE0011D6A2 /* SDWebImageDownloaderOperation.m */; };
		A4484C1D1CF2F7EE0011D6A2 /* SDWebImageManager.m in Sources */ = {isa = PBXBuildFile; fileRef = A4484C041CF2F7EE0011D6A2 /* SDWebImageManager.m */; };
		A4484C1E1CF2F7EE0011D6A2 /* SDWebImagePrefetcher.m in Sources */ = {isa = PBXBuildFile; fileRef = A4484C071CF2F7EE0011D6A2 /* SDWebImagePrefetcher.m */; };
		A4484C1F1CF2F7EE0011D6A2 /* UIButton+WebCache.m in Sources */ = {isa = PBXBuildFile; fileRef = A4484C091CF2F7EE0011D6A2 /* UIButton+WebCache.m */; };
		A4484C201CF2F7EE0011D6A2 /* UIImage+GIF.m in Sources */ = {isa = PBXBuildFile; fileRef = A4484C0B1CF2F7EE0011D6A2 /* UIImage+GIF.m */; };
		A4484C211CF2F7EE0011D6A2 /* UIImage+MultiFormat.m in Sources */ = {isa = PBXBuildFile; fileRef = A4484C0D1CF2F7EE0011D6A2 /* UIImage+MultiFormat.m */; };
		A4484C221CF2F7EE0011D6A2 /* UIImage+WebP.m in Sources */ = {isa = PBXBuildFile; fileRef = A4484C0F1CF2F7EE0011D6A2 /* UIImage+WebP.m */; };
		A4484C231CF2F7EE0011D6A2 /* UIImageView+HighlightedWebCache.m in Sources */ = {isa = PBXBuildFile; fileRef = A4484C111CF2F7EE0011D6A2 /* UIImageView+HighlightedWebCache.m */; };
		A4484C241CF2F7EE0011D6A2 /* UIImageView+WebCache.m in Sources */ = {isa = PBXBuildFile; fileRef = A4484C131CF2F7EE0011D6A2 /* UIImageView+WebCache.m */; };
		A4484C251CF2F7EE0011D6A2 /* UIView+WebCacheOperation.m in Sources */ = {isa = PBXBuildFile; fileRef = A4484C151CF2F7EE0011D6A2 /* UIView+WebCacheOperation.m */; };
		A4484C281CF2F9830011D6A2 /* SYTudouListCell.m in Sources */ = {isa = PBXBuildFile; fileRef = A4484C271CF2F9830011D6A2 /* SYTudouListCell.m */; };
		A4484C2B1CF2FB530011D6A2 /* SYTudouPalyerController.m in Sources */ = {isa = PBXBuildFile; fileRef = A4484C2A1CF2FB530011D6A2 /* SYTudouPalyerController.m */; };
/* End PBXBuildFile section */

/* Begin PBXContainerItemProxy section */
		A43D9EFA1CEEEC1000BEB72A /* PBXContainerItemProxy */ = {
			isa = PBXContainerItemProxy;
			containerPortal = A43D9ED81CEEEC1000BEB72A /* Project object */;
			proxyType = 1;
			remoteGlobalIDString = A43D9EDF1CEEEC1000BEB72A;
			remoteInfo = SYTransformModelDemo;
		};
/* End PBXContainerItemProxy section */

/* Begin PBXFileReference section */
		A43D9EE01CEEEC1000BEB72A /* SYTransformModelDemo.app */ = {isa = PBXFileReference; explicitFileType = wrapper.application; includeInIndex = 0; path = SYTransformModelDemo.app; sourceTree = BUILT_PRODUCTS_DIR; };
		A43D9EE41CEEEC1000BEB72A /* main.m */ = {isa = PBXFileReference; lastKnownFileType = sourcecode.c.objc; path = main.m; sourceTree = "<group>"; };
		A43D9EE61CEEEC1000BEB72A /* AppDelegate.h */ = {isa = PBXFileReference; lastKnownFileType = sourcecode.c.h; path = AppDelegate.h; sourceTree = "<group>"; };
		A43D9EE71CEEEC1000BEB72A /* AppDelegate.m */ = {isa = PBXFileReference; lastKnownFileType = sourcecode.c.objc; path = AppDelegate.m; sourceTree = "<group>"; };
		A43D9EE91CEEEC1000BEB72A /* ViewController.h */ = {isa = PBXFileReference; lastKnownFileType = sourcecode.c.h; path = ViewController.h; sourceTree = "<group>"; };
		A43D9EEA1CEEEC1000BEB72A /* ViewController.m */ = {isa = PBXFileReference; lastKnownFileType = sourcecode.c.objc; path = ViewController.m; sourceTree = "<group>"; };
		A43D9EED1CEEEC1000BEB72A /* Base */ = {isa = PBXFileReference; lastKnownFileType = file.storyboard; name = Base; path = Base.lproj/Main.storyboard; sourceTree = "<group>"; };
		A43D9EEF1CEEEC1000BEB72A /* Assets.xcassets */ = {isa = PBXFileReference; lastKnownFileType = folder.assetcatalog; path = Assets.xcassets; sourceTree = "<group>"; };
		A43D9EF21CEEEC1000BEB72A /* Base */ = {isa = PBXFileReference; lastKnownFileType = file.storyboard; name = Base; path = Base.lproj/LaunchScreen.storyboard; sourceTree = "<group>"; };
		A43D9EF41CEEEC1000BEB72A /* Info.plist */ = {isa = PBXFileReference; lastKnownFileType = text.plist.xml; path = Info.plist; sourceTree = "<group>"; };
		A43D9EF91CEEEC1000BEB72A /* SYTransformModelDemoTests.xctest */ = {isa = PBXFileReference; explicitFileType = wrapper.cfbundle; includeInIndex = 0; path = SYTransformModelDemoTests.xctest; sourceTree = BUILT_PRODUCTS_DIR; };
		A43D9EFD1CEEEC1000BEB72A /* SYTransformModelDemoTests.m */ = {isa = PBXFileReference; lastKnownFileType = sourcecode.c.objc; path = SYTransformModelDemoTests.m; sourceTree = "<group>"; };
		A43D9EFF1CEEEC1000BEB72A /* Info.plist */ = {isa = PBXFileReference; lastKnownFileType = text.plist.xml; path = Info.plist; sourceTree = "<group>"; };
		A43D9F091CEEF12000BEB72A /* SYOtherController.h */ = {isa = PBXFileReference; fileEncoding = 4; lastKnownFileType = sourcecode.c.h; path = SYOtherController.h; sourceTree = "<group>"; };
		A43D9F0A1CEEF12000BEB72A /* SYOtherController.m */ = {isa = PBXFileReference; fileEncoding = 4; lastKnownFileType = sourcecode.c.objc; path = SYOtherController.m; sourceTree = "<group>"; };
		A43D9F0C1CEEF3E900BEB72A /* SYJSONParsing.h */ = {isa = PBXFileReference; fileEncoding = 4; lastKnownFileType = sourcecode.c.h; path = SYJSONParsing.h; sourceTree = "<group>"; };
		A43D9F0D1CEEF3E900BEB72A /* SYJSONParsing.m */ = {isa = PBXFileReference; fileEncoding = 4; lastKnownFileType = sourcecode.c.objc; path = SYJSONParsing.m; sourceTree = "<group>"; };
		A43D9F101CEEFBF200BEB72A /* SYBaseModel.h */ = {isa = PBXFileReference; fileEncoding = 4; lastKnownFileType = sourcecode.c.h; path = SYBaseModel.h; sourceTree = "<group>"; };
		A43D9F111CEEFBF200BEB72A /* SYBaseModel.m */ = {isa = PBXFileReference; fileEncoding = 4; lastKnownFileType = sourcecode.c.objc; path = SYBaseModel.m; sourceTree = "<group>"; };
		A43D9F131CEEFFB500BEB72A /* SYTudouAPIModel.h */ = {isa = PBXFileReference; fileEncoding = 4; lastKnownFileType = sourcecode.c.h; path = SYTudouAPIModel.h; sourceTree = "<group>"; };
		A43D9F141CEEFFB500BEB72A /* SYTudouAPIModel.m */ = {isa = PBXFileReference; fileEncoding = 4; lastKnownFileType = sourcecode.c.objc; path = SYTudouAPIModel.m; sourceTree = "<group>"; };
		A43D9F161CEF1A2000BEB72A /* SYModelDescription.h */ = {isa = PBXFileReference; fileEncoding = 4; lastKnownFileType = sourcecode.c.h; path = SYModelDescription.h; sourceTree = "<group>"; };
		A43D9F171CEF1A2000BEB72A /* SYModelDescription.m */ = {isa = PBXFileReference; fileEncoding = 4; lastKnownFileType = sourcecode.c.objc; path = SYModelDescription.m; sourceTree = "<group>"; };
		A4484BE01CF2D5C40011D6A2 /* SYAiqiyiModel.h */ = {isa = PBXFileReference; fileEncoding = 4; lastKnownFileType = sourcecode.c.h; path = SYAiqiyiModel.h; sourceTree = "<group>"; };
		A4484BE11CF2D5C40011D6A2 /* SYAiqiyiModel.m */ = {isa = PBXFileReference; fileEncoding = 4; lastKnownFileType = sourcecode.c.objc; path = SYAiqiyiModel.m; sourceTree = "<group>"; };
		A4484BE31CF2E1410011D6A2 /* SYBaikeModel.h */ = {isa = PBXFileReference; fileEncoding = 4; lastKnownFileType = sourcecode.c.h; path = SYBaikeModel.h; sourceTree = "<group>"; };
		A4484BE41CF2E1410011D6A2 /* SYBaikeModel.m */ = {isa = PBXFileReference; fileEncoding = 4; lastKnownFileType = sourcecode.c.objc; path = SYBaikeModel.m; sourceTree = "<group>"; };
		A4484BE61CF2E6D60011D6A2 /* testJson.json */ = {isa = PBXFileReference; fileEncoding = 4; lastKnownFileType = text.json; path = testJson.json; sourceTree = "<group>"; };
		A4484BE81CF2E6EE0011D6A2 /* SYTestModel.h */ = {isa = PBXFileReference; fileEncoding = 4; lastKnownFileType = sourcecode.c.h; path = SYTestModel.h; sourceTree = "<group>"; };
		A4484BE91CF2E6EE0011D6A2 /* SYTestModel.m */ = {isa = PBXFileReference; fileEncoding = 4; lastKnownFileType = sourcecode.c.objc; path = SYTestModel.m; sourceTree = "<group>"; };
		A4484BEB1CF2EFC90011D6A2 /* SYBaikeController.h */ = {isa = PBXFileReference; fileEncoding = 4; lastKnownFileType = sourcecode.c.h; path = SYBaikeController.h; sourceTree = "<group>"; };
		A4484BEC1CF2EFC90011D6A2 /* SYBaikeController.m */ = {isa = PBXFileReference; fileEncoding = 4; lastKnownFileType = sourcecode.c.objc; path = SYBaikeController.m; sourceTree = "<group>"; };
		A4484BEE1CF2F0680011D6A2 /* SYAiqiyiController.h */ = {isa = PBXFileReference; fileEncoding = 4; lastKnownFileType = sourcecode.c.h; path = SYAiqiyiController.h; sourceTree = "<group>"; };
		A4484BEF1CF2F0680011D6A2 /* SYAiqiyiController.m */ = {isa = PBXFileReference; fileEncoding = 4; lastKnownFileType = sourcecode.c.objc; path = SYAiqiyiController.m; sourceTree = "<group>"; };
		A4484BF11CF2F0E70011D6A2 /* SYTudouController.h */ = {isa = PBXFileReference; fileEncoding = 4; lastKnownFileType = sourcecode.c.h; path = SYTudouController.h; sourceTree = "<group>"; };
		A4484BF21CF2F0E70011D6A2 /* SYTudouController.m */ = {isa = PBXFileReference; fileEncoding = 4; lastKnownFileType = sourcecode.c.objc; path = SYTudouController.m; sourceTree = "<group>"; };
		A4484BF51CF2F7EE0011D6A2 /* MKAnnotationView+WebCache.h */ = {isa = PBXFileReference; fileEncoding = 4; lastKnownFileType = sourcecode.c.h; path = "MKAnnotationView+WebCache.h"; sourceTree = "<group>"; };
		A4484BF61CF2F7EE0011D6A2 /* MKAnnotationView+WebCache.m */ = {isa = PBXFileReference; fileEncoding = 4; lastKnownFileType = sourcecode.c.objc; path = "MKAnnotationView+WebCache.m"; sourceTree = "<group>"; };
		A4484BF71CF2F7EE0011D6A2 /* NSData+ImageContentType.h */ = {isa = PBXFileReference; fileEncoding = 4; lastKnownFileType = sourcecode.c.h; path = "NSData+ImageContentType.h"; sourceTree = "<group>"; };
		A4484BF81CF2F7EE0011D6A2 /* NSData+ImageContentType.m */ = {isa = PBXFileReference; fileEncoding = 4; lastKnownFileType = sourcecode.c.objc; path = "NSData+ImageContentType.m"; sourceTree = "<group>"; };
		A4484BF91CF2F7EE0011D6A2 /* SDImageCache.h */ = {isa = PBXFileReference; fileEncoding = 4; lastKnownFileType = sourcecode.c.h; path = SDImageCache.h; sourceTree = "<group>"; };
		A4484BFA1CF2F7EE0011D6A2 /* SDImageCache.m */ = {isa = PBXFileReference; fileEncoding = 4; lastKnownFileType = sourcecode.c.objc; path = SDImageCache.m; sourceTree = "<group>"; };
		A4484BFB1CF2F7EE0011D6A2 /* SDWebImageCompat.h */ = {isa = PBXFileReference; fileEncoding = 4; lastKnownFileType = sourcecode.c.h; path = SDWebImageCompat.h; sourceTree = "<group>"; };
		A4484BFC1CF2F7EE0011D6A2 /* SDWebImageCompat.m */ = {isa = PBXFileReference; fileEncoding = 4; lastKnownFileType = sourcecode.c.objc; path = SDWebImageCompat.m; sourceTree = "<group>"; };
		A4484BFD1CF2F7EE0011D6A2 /* SDWebImageDecoder.h */ = {isa = PBXFileReference; fileEncoding = 4; lastKnownFileType = sourcecode.c.h; path = SDWebImageDecoder.h; sourceTree = "<group>"; };
		A4484BFE1CF2F7EE0011D6A2 /* SDWebImageDecoder.m */ = {isa = PBXFileReference; fileEncoding = 4; lastKnownFileType = sourcecode.c.objc; path = SDWebImageDecoder.m; sourceTree = "<group>"; };
		A4484BFF1CF2F7EE0011D6A2 /* SDWebImageDownloader.h */ = {isa = PBXFileReference; fileEncoding = 4; lastKnownFileType = sourcecode.c.h; path = SDWebImageDownloader.h; sourceTree = "<group>"; };
		A4484C001CF2F7EE0011D6A2 /* SDWebImageDownloader.m */ = {isa = PBXFileReference; fileEncoding = 4; lastKnownFileType = sourcecode.c.objc; path = SDWebImageDownloader.m; sourceTree = "<group>"; };
		A4484C011CF2F7EE0011D6A2 /* SDWebImageDownloaderOperation.h */ = {isa = PBXFileReference; fileEncoding = 4; lastKnownFileType = sourcecode.c.h; path = SDWebImageDownloaderOperation.h; sourceTree = "<group>"; };
		A4484C021CF2F7EE0011D6A2 /* SDWebImageDownloaderOperation.m */ = {isa = PBXFileReference; fileEncoding = 4; lastKnownFileType = sourcecode.c.objc; path = SDWebImageDownloaderOperation.m; sourceTree = "<group>"; };
		A4484C031CF2F7EE0011D6A2 /* SDWebImageManager.h */ = {isa = PBXFileReference; fileEncoding = 4; lastKnownFileType = sourcecode.c.h; path = SDWebImageManager.h; sourceTree = "<group>"; };
		A4484C041CF2F7EE0011D6A2 /* SDWebImageManager.m */ = {isa = PBXFileReference; fileEncoding = 4; lastKnownFileType = sourcecode.c.objc; path = SDWebImageManager.m; sourceTree = "<group>"; };
		A4484C051CF2F7EE0011D6A2 /* SDWebImageOperation.h */ = {isa = PBXFileReference; fileEncoding = 4; lastKnownFileType = sourcecode.c.h; path = SDWebImageOperation.h; sourceTree = "<group>"; };
		A4484C061CF2F7EE0011D6A2 /* SDWebImagePrefetcher.h */ = {isa = PBXFileReference; fileEncoding = 4; lastKnownFileType = sourcecode.c.h; path = SDWebImagePrefetcher.h; sourceTree = "<group>"; };
		A4484C071CF2F7EE0011D6A2 /* SDWebImagePrefetcher.m */ = {isa = PBXFileReference; fileEncoding = 4; lastKnownFileType = sourcecode.c.objc; path = SDWebImagePrefetcher.m; sourceTree = "<group>"; };
		A4484C081CF2F7EE0011D6A2 /* UIButton+WebCache.h */ = {isa = PBXFileReference; fileEncoding = 4; lastKnownFileType = sourcecode.c.h; path = "UIButton+WebCache.h"; sourceTree = "<group>"; };
		A4484C091CF2F7EE0011D6A2 /* UIButton+WebCache.m */ = {isa = PBXFileReference; fileEncoding = 4; lastKnownFileType = sourcecode.c.objc; path = "UIButton+WebCache.m"; sourceTree = "<group>"; };
		A4484C0A1CF2F7EE0011D6A2 /* UIImage+GIF.h */ = {isa = PBXFileReference; fileEncoding = 4; lastKnownFileType = sourcecode.c.h; path = "UIImage+GIF.h"; sourceTree = "<group>"; };
		A4484C0B1CF2F7EE0011D6A2 /* UIImage+GIF.m */ = {isa = PBXFileReference; fileEncoding = 4; lastKnownFileType = sourcecode.c.objc; path = "UIImage+GIF.m"; sourceTree = "<group>"; };
		A4484C0C1CF2F7EE0011D6A2 /* UIImage+MultiFormat.h */ = {isa = PBXFileReference; fileEncoding = 4; lastKnownFileType = sourcecode.c.h; path = "UIImage+MultiFormat.h"; sourceTree = "<group>"; };
		A4484C0D1CF2F7EE0011D6A2 /* UIImage+MultiFormat.m */ = {isa = PBXFileReference; fileEncoding = 4; lastKnownFileType = sourcecode.c.objc; path = "UIImage+MultiFormat.m"; sourceTree = "<group>"; };
		A4484C0E1CF2F7EE0011D6A2 /* UIImage+WebP.h */ = {isa = PBXFileReference; fileEncoding = 4; lastKnownFileType = sourcecode.c.h; path = "UIImage+WebP.h"; sourceTree = "<group>"; };
		A4484C0F1CF2F7EE0011D6A2 /* UIImage+WebP.m */ = {isa = PBXFileReference; fileEncoding = 4; lastKnownFileType = sourcecode.c.objc; path = "UIImage+WebP.m"; sourceTree = "<group>"; };
		A4484C101CF2F7EE0011D6A2 /* UIImageView+HighlightedWebCache.h */ = {isa = PBXFileReference; fileEncoding = 4; lastKnownFileType = sourcecode.c.h; path = "UIImageView+HighlightedWebCache.h"; sourceTree = "<group>"; };
		A4484C111CF2F7EE0011D6A2 /* UIImageView+HighlightedWebCache.m */ = {isa = PBXFileReference; fileEncoding = 4; lastKnownFileType = sourcecode.c.objc; path = "UIImageView+HighlightedWebCache.m"; sourceTree = "<group>"; };
		A4484C121CF2F7EE0011D6A2 /* UIImageView+WebCache.h */ = {isa = PBXFileReference; fileEncoding = 4; lastKnownFileType = sourcecode.c.h; path = "UIImageView+WebCache.h"; sourceTree = "<group>"; };
		A4484C131CF2F7EE0011D6A2 /* UIImageView+WebCache.m */ = {isa = PBXFileReference; fileEncoding = 4; lastKnownFileType = sourcecode.c.objc; path = "UIImageView+WebCache.m"; sourceTree = "<group>"; };
		A4484C141CF2F7EE0011D6A2 /* UIView+WebCacheOperation.h */ = {isa = PBXFileReference; fileEncoding = 4; lastKnownFileType = sourcecode.c.h; path = "UIView+WebCacheOperation.h"; sourceTree = "<group>"; };
		A4484C151CF2F7EE0011D6A2 /* UIView+WebCacheOperation.m */ = {isa = PBXFileReference; fileEncoding = 4; lastKnownFileType = sourcecode.c.objc; path = "UIView+WebCacheOperation.m"; sourceTree = "<group>"; };
		A4484C261CF2F9830011D6A2 /* SYTudouListCell.h */ = {isa = PBXFileReference; fileEncoding = 4; lastKnownFileType = sourcecode.c.h; path = SYTudouListCell.h; sourceTree = "<group>"; };
		A4484C271CF2F9830011D6A2 /* SYTudouListCell.m */ = {isa = PBXFileReference; fileEncoding = 4; lastKnownFileType = sourcecode.c.objc; path = SYTudouListCell.m; sourceTree = "<group>"; };
		A4484C291CF2FB530011D6A2 /* SYTudouPalyerController.h */ = {isa = PBXFileReference; fileEncoding = 4; lastKnownFileType = sourcecode.c.h; path = SYTudouPalyerController.h; sourceTree = "<group>"; };
		A4484C2A1CF2FB530011D6A2 /* SYTudouPalyerController.m */ = {isa = PBXFileReference; fileEncoding = 4; lastKnownFileType = sourcecode.c.objc; path = SYTudouPalyerController.m; sourceTree = "<group>"; };
/* End PBXFileReference section */

/* Begin PBXFrameworksBuildPhase section */
		A43D9EDD1CEEEC1000BEB72A /* Frameworks */ = {
			isa = PBXFrameworksBuildPhase;
			buildActionMask = 2147483647;
			files = (
			);
			runOnlyForDeploymentPostprocessing = 0;
		};
		A43D9EF61CEEEC1000BEB72A /* Frameworks */ = {
			isa = PBXFrameworksBuildPhase;
			buildActionMask = 2147483647;
			files = (
			);
			runOnlyForDeploymentPostprocessing = 0;
		};
/* End PBXFrameworksBuildPhase section */

/* Begin PBXGroup section */
		A43D9ED71CEEEC1000BEB72A = {
			isa = PBXGroup;
			children = (
				A43D9EE21CEEEC1000BEB72A /* SYTransformModelDemo */,
				A43D9EFC1CEEEC1000BEB72A /* SYTransformModelDemoTests */,
				A43D9EE11CEEEC1000BEB72A /* Products */,
			);
			sourceTree = "<group>";
		};
		A43D9EE11CEEEC1000BEB72A /* Products */ = {
			isa = PBXGroup;
			children = (
				A43D9EE01CEEEC1000BEB72A /* SYTransformModelDemo.app */,
				A43D9EF91CEEEC1000BEB72A /* SYTransformModelDemoTests.xctest */,
			);
			name = Products;
			sourceTree = "<group>";
		};
		A43D9EE21CEEEC1000BEB72A /* SYTransformModelDemo */ = {
			isa = PBXGroup;
			children = (
				A4484BF41CF2F7EE0011D6A2 /* SDWebImage */,
				A43D9F081CEEEC7900BEB72A /* SYTransformModel */,
				A43D9EE61CEEEC1000BEB72A /* AppDelegate.h */,
				A43D9EE71CEEEC1000BEB72A /* AppDelegate.m */,
				A43D9EE91CEEEC1000BEB72A /* ViewController.h */,
				A43D9EEA1CEEEC1000BEB72A /* ViewController.m */,
				A43D9F091CEEF12000BEB72A /* SYOtherController.h */,
				A43D9F0A1CEEF12000BEB72A /* SYOtherController.m */,
				A4484BEB1CF2EFC90011D6A2 /* SYBaikeController.h */,
				A4484BEC1CF2EFC90011D6A2 /* SYBaikeController.m */,
				A4484BEE1CF2F0680011D6A2 /* SYAiqiyiController.h */,
				A4484BEF1CF2F0680011D6A2 /* SYAiqiyiController.m */,
				A4484BF11CF2F0E70011D6A2 /* SYTudouController.h */,
				A4484BF21CF2F0E70011D6A2 /* SYTudouController.m */,
				A4484C261CF2F9830011D6A2 /* SYTudouListCell.h */,
				A4484C271CF2F9830011D6A2 /* SYTudouListCell.m */,
				A4484C291CF2FB530011D6A2 /* SYTudouPalyerController.h */,
				A4484C2A1CF2FB530011D6A2 /* SYTudouPalyerController.m */,
				A4484BE61CF2E6D60011D6A2 /* testJson.json */,
				A43D9F131CEEFFB500BEB72A /* SYTudouAPIModel.h */,
				A43D9F141CEEFFB500BEB72A /* SYTudouAPIModel.m */,
				A4484BE01CF2D5C40011D6A2 /* SYAiqiyiModel.h */,
				A4484BE11CF2D5C40011D6A2 /* SYAiqiyiModel.m */,
				A4484BE31CF2E1410011D6A2 /* SYBaikeModel.h */,
				A4484BE41CF2E1410011D6A2 /* SYBaikeModel.m */,
				A4484BE81CF2E6EE0011D6A2 /* SYTestModel.h */,
				A4484BE91CF2E6EE0011D6A2 /* SYTestModel.m */,
				A43D9EEC1CEEEC1000BEB72A /* Main.storyboard */,
				A43D9EEF1CEEEC1000BEB72A /* Assets.xcassets */,
				A43D9EF11CEEEC1000BEB72A /* LaunchScreen.storyboard */,
				A43D9EF41CEEEC1000BEB72A /* Info.plist */,
				A43D9EE31CEEEC1000BEB72A /* Supporting Files */,
			);
			path = SYTransformModelDemo;
			sourceTree = "<group>";
		};
		A43D9EE31CEEEC1000BEB72A /* Supporting Files */ = {
			isa = PBXGroup;
			children = (
				A43D9EE41CEEEC1000BEB72A /* main.m */,
			);
			name = "Supporting Files";
			sourceTree = "<group>";
		};
		A43D9EFC1CEEEC1000BEB72A /* SYTransformModelDemoTests */ = {
			isa = PBXGroup;
			children = (
				A43D9EFD1CEEEC1000BEB72A /* SYTransformModelDemoTests.m */,
				A43D9EFF1CEEEC1000BEB72A /* Info.plist */,
			);
			path = SYTransformModelDemoTests;
			sourceTree = "<group>";
		};
		A43D9F081CEEEC7900BEB72A /* SYTransformModel */ = {
			isa = PBXGroup;
			children = (
				A43D9F0C1CEEF3E900BEB72A /* SYJSONParsing.h */,
				A43D9F0D1CEEF3E900BEB72A /* SYJSONParsing.m */,
				A43D9F101CEEFBF200BEB72A /* SYBaseModel.h */,
				A43D9F111CEEFBF200BEB72A /* SYBaseModel.m */,
				A43D9F161CEF1A2000BEB72A /* SYModelDescription.h */,
				A43D9F171CEF1A2000BEB72A /* SYModelDescription.m */,
			);
			path = SYTransformModel;
			sourceTree = "<group>";
		};
		A4484BF41CF2F7EE0011D6A2 /* SDWebImage */ = {
			isa = PBXGroup;
			children = (
				A4484BF51CF2F7EE0011D6A2 /* MKAnnotationView+WebCache.h */,
				A4484BF61CF2F7EE0011D6A2 /* MKAnnotationView+WebCache.m */,
				A4484BF71CF2F7EE0011D6A2 /* NSData+ImageContentType.h */,
				A4484BF81CF2F7EE0011D6A2 /* NSData+ImageContentType.m */,
				A4484BF91CF2F7EE0011D6A2 /* SDImageCache.h */,
				A4484BFA1CF2F7EE0011D6A2 /* SDImageCache.m */,
				A4484BFB1CF2F7EE0011D6A2 /* SDWebImageCompat.h */,
				A4484BFC1CF2F7EE0011D6A2 /* SDWebImageCompat.m */,
				A4484BFD1CF2F7EE0011D6A2 /* SDWebImageDecoder.h */,
				A4484BFE1CF2F7EE0011D6A2 /* SDWebImageDecoder.m */,
				A4484BFF1CF2F7EE0011D6A2 /* SDWebImageDownloader.h */,
				A4484C001CF2F7EE0011D6A2 /* SDWebImageDownloader.m */,
				A4484C011CF2F7EE0011D6A2 /* SDWebImageDownloaderOperation.h */,
				A4484C021CF2F7EE0011D6A2 /* SDWebImageDownloaderOperation.m */,
				A4484C031CF2F7EE0011D6A2 /* SDWebImageManager.h */,
				A4484C041CF2F7EE0011D6A2 /* SDWebImageManager.m */,
				A4484C051CF2F7EE0011D6A2 /* SDWebImageOperation.h */,
				A4484C061CF2F7EE0011D6A2 /* SDWebImagePrefetcher.h */,
				A4484C071CF2F7EE0011D6A2 /* SDWebImagePrefetcher.m */,
				A4484C081CF2F7EE0011D6A2 /* UIButton+WebCache.h */,
				A4484C091CF2F7EE0011D6A2 /* UIButton+WebCache.m */,
				A4484C0A1CF2F7EE0011D6A2 /* UIImage+GIF.h */,
				A4484C0B1CF2F7EE0011D6A2 /* UIImage+GIF.m */,
				A4484C0C1CF2F7EE0011D6A2 /* UIImage+MultiFormat.h */,
				A4484C0D1CF2F7EE0011D6A2 /* UIImage+MultiFormat.m */,
				A4484C0E1CF2F7EE0011D6A2 /* UIImage+WebP.h */,
				A4484C0F1CF2F7EE0011D6A2 /* UIImage+WebP.m */,
				A4484C101CF2F7EE0011D6A2 /* UIImageView+HighlightedWebCache.h */,
				A4484C111CF2F7EE0011D6A2 /* UIImageView+HighlightedWebCache.m */,
				A4484C121CF2F7EE0011D6A2 /* UIImageView+WebCache.h */,
				A4484C131CF2F7EE0011D6A2 /* UIImageView+WebCache.m */,
				A4484C141CF2F7EE0011D6A2 /* UIView+WebCacheOperation.h */,
				A4484C151CF2F7EE0011D6A2 /* UIView+WebCacheOperation.m */,
			);
			path = SDWebImage;
			sourceTree = "<group>";
		};
/* End PBXGroup section */

/* Begin PBXNativeTarget section */
		A43D9EDF1CEEEC1000BEB72A /* SYTransformModelDemo */ = {
			isa = PBXNativeTarget;
			buildConfigurationList = A43D9F021CEEEC1000BEB72A /* Build configuration list for PBXNativeTarget "SYTransformModelDemo" */;
			buildPhases = (
				A43D9EDC1CEEEC1000BEB72A /* Sources */,
				A43D9EDD1CEEEC1000BEB72A /* Frameworks */,
				A43D9EDE1CEEEC1000BEB72A /* Resources */,
			);
			buildRules = (
			);
			dependencies = (
			);
			name = SYTransformModelDemo;
			productName = SYTransformModelDemo;
			productReference = A43D9EE01CEEEC1000BEB72A /* SYTransformModelDemo.app */;
			productType = "com.apple.product-type.application";
		};
		A43D9EF81CEEEC1000BEB72A /* SYTransformModelDemoTests */ = {
			isa = PBXNativeTarget;
			buildConfigurationList = A43D9F051CEEEC1000BEB72A /* Build configuration list for PBXNativeTarget "SYTransformModelDemoTests" */;
			buildPhases = (
				A43D9EF51CEEEC1000BEB72A /* Sources */,
				A43D9EF61CEEEC1000BEB72A /* Frameworks */,
				A43D9EF71CEEEC1000BEB72A /* Resources */,
			);
			buildRules = (
			);
			dependencies = (
				A43D9EFB1CEEEC1000BEB72A /* PBXTargetDependency */,
			);
			name = SYTransformModelDemoTests;
			productName = SYTransformModelDemoTests;
			productReference = A43D9EF91CEEEC1000BEB72A /* SYTransformModelDemoTests.xctest */;
			productType = "com.apple.product-type.bundle.unit-test";
		};
/* End PBXNativeTarget section */

/* Begin PBXProject section */
		A43D9ED81CEEEC1000BEB72A /* Project object */ = {
			isa = PBXProject;
			attributes = {
				LastUpgradeCheck = 0720;
				ORGANIZATIONNAME = sunyu;
				TargetAttributes = {
					A43D9EDF1CEEEC1000BEB72A = {
						CreatedOnToolsVersion = 7.2.1;
					};
					A43D9EF81CEEEC1000BEB72A = {
						CreatedOnToolsVersion = 7.2.1;
						TestTargetID = A43D9EDF1CEEEC1000BEB72A;
					};
				};
			};
			buildConfigurationList = A43D9EDB1CEEEC1000BEB72A /* Build configuration list for PBXProject "SYTransformModelDemo" */;
			compatibilityVersion = "Xcode 3.2";
			developmentRegion = English;
			hasScannedForEncodings = 0;
			knownRegions = (
				en,
				Base,
			);
			mainGroup = A43D9ED71CEEEC1000BEB72A;
			productRefGroup = A43D9EE11CEEEC1000BEB72A /* Products */;
			projectDirPath = "";
			projectRoot = "";
			targets = (
				A43D9EDF1CEEEC1000BEB72A /* SYTransformModelDemo */,
				A43D9EF81CEEEC1000BEB72A /* SYTransformModelDemoTests */,
			);
		};
/* End PBXProject section */

/* Begin PBXResourcesBuildPhase section */
		A43D9EDE1CEEEC1000BEB72A /* Resources */ = {
			isa = PBXResourcesBuildPhase;
			buildActionMask = 2147483647;
			files = (
				A43D9EF31CEEEC1000BEB72A /* LaunchScreen.storyboard in Resources */,
				A43D9EF01CEEEC1000BEB72A /* Assets.xcassets in Resources */,
				A43D9EEE1CEEEC1000BEB72A /* Main.storyboard in Resources */,
				A4484BE71CF2E6D60011D6A2 /* testJson.json in Resources */,
			);
			runOnlyForDeploymentPostprocessing = 0;
		};
		A43D9EF71CEEEC1000BEB72A /* Resources */ = {
			isa = PBXResourcesBuildPhase;
			buildActionMask = 2147483647;
			files = (
			);
			runOnlyForDeploymentPostprocessing = 0;
		};
/* End PBXResourcesBuildPhase section */

/* Begin PBXSourcesBuildPhase section */
		A43D9EDC1CEEEC1000BEB72A /* Sources */ = {
			isa = PBXSourcesBuildPhase;
			buildActionMask = 2147483647;
			files = (
				A4484C211CF2F7EE0011D6A2 /* UIImage+MultiFormat.m in Sources */,
				A4484C221CF2F7EE0011D6A2 /* UIImage+WebP.m in Sources */,
				A4484C2B1CF2FB530011D6A2 /* SYTudouPalyerController.m in Sources */,
				A43D9F181CEF1A2000BEB72A /* SYModelDescription.m in Sources */,
				A4484C1D1CF2F7EE0011D6A2 /* SDWebImageManager.m in Sources */,
				A4484BEA1CF2E6EE0011D6A2 /* SYTestModel.m in Sources */,
				A4484BED1CF2EFC90011D6A2 /* SYBaikeController.m in Sources */,
				A4484BE21CF2D5C40011D6A2 /* SYAiqiyiModel.m in Sources */,
				A4484C1B1CF2F7EE0011D6A2 /* SDWebImageDownloader.m in Sources */,
				A43D9F121CEEFBF200BEB72A /* SYBaseModel.m in Sources */,
				A4484BF31CF2F0E70011D6A2 /* SYTudouController.m in Sources */,
				A43D9F0B1CEEF12000BEB72A /* SYOtherController.m in Sources */,
				A4484BE51CF2E1410011D6A2 /* SYBaikeModel.m in Sources */,
				A4484C161CF2F7EE0011D6A2 /* MKAnnotationView+WebCache.m in Sources */,
				A43D9EEB1CEEEC1000BEB72A /* ViewController.m in Sources */,
				A4484C171CF2F7EE0011D6A2 /* NSData+ImageContentType.m in Sources */,
				A4484C201CF2F7EE0011D6A2 /* UIImage+GIF.m in Sources */,
				A4484C1F1CF2F7EE0011D6A2 /* UIButton+WebCache.m in Sources */,
				A4484BF01CF2F0680011D6A2 /* SYAiqiyiController.m in Sources */,
				A4484C1E1CF2F7EE0011D6A2 /* SDWebImagePrefetcher.m in Sources */,
				A4484C1A1CF2F7EE0011D6A2 /* SDWebImageDecoder.m in Sources */,
				A4484C181CF2F7EE0011D6A2 /* SDImageCache.m in Sources */,
				A4484C281CF2F9830011D6A2 /* SYTudouListCell.m in Sources */,
				A4484C191CF2F7EE0011D6A2 /* SDWebImageCompat.m in Sources */,
				A4484C251CF2F7EE0011D6A2 /* UIView+WebCacheOperation.m in Sources */,
				A43D9EE81CEEEC1000BEB72A /* AppDelegate.m in Sources */,
				A43D9F0E1CEEF3E900BEB72A /* SYJSONParsing.m in Sources */,
				A4484C1C1CF2F7EE0011D6A2 /* SDWebImageDownloaderOperation.m in Sources */,
				A43D9F151CEEFFB500BEB72A /* SYTudouAPIModel.m in Sources */,
				A4484C241CF2F7EE0011D6A2 /* UIImageView+WebCache.m in Sources */,
				A4484C231CF2F7EE0011D6A2 /* UIImageView+HighlightedWebCache.m in Sources */,
				A43D9EE51CEEEC1000BEB72A /* main.m in Sources */,
			);
			runOnlyForDeploymentPostprocessing = 0;
		};
		A43D9EF51CEEEC1000BEB72A /* Sources */ = {
			isa = PBXSourcesBuildPhase;
			buildActionMask = 2147483647;
			files = (
				A43D9EFE1CEEEC1000BEB72A /* SYTransformModelDemoTests.m in Sources */,
			);
			runOnlyForDeploymentPostprocessing = 0;
		};
/* End PBXSourcesBuildPhase section */

/* Begin PBXTargetDependency section */
		A43D9EFB1CEEEC1000BEB72A /* PBXTargetDependency */ = {
			isa = PBXTargetDependency;
			target = A43D9EDF1CEEEC1000BEB72A /* SYTransformModelDemo */;
			targetProxy = A43D9EFA1CEEEC1000BEB72A /* PBXContainerItemProxy */;
		};
/* End PBXTargetDependency section */

/* Begin PBXVariantGroup section */
		A43D9EEC1CEEEC1000BEB72A /* Main.storyboard */ = {
			isa = PBXVariantGroup;
			children = (
				A43D9EED1CEEEC1000BEB72A /* Base */,
			);
			name = Main.storyboard;
			sourceTree = "<group>";
		};
		A43D9EF11CEEEC1000BEB72A /* LaunchScreen.storyboard */ = {
			isa = PBXVariantGroup;
			children = (
				A43D9EF21CEEEC1000BEB72A /* Base */,
			);
			name = LaunchScreen.storyboard;
			sourceTree = "<group>";
		};
/* End PBXVariantGroup section */

/* Begin XCBuildConfiguration section */
		A43D9F001CEEEC1000BEB72A /* Debug */ = {
			isa = XCBuildConfiguration;
			buildSettings = {
				ALWAYS_SEARCH_USER_PATHS = NO;
				CLANG_CXX_LANGUAGE_STANDARD = "gnu++0x";
				CLANG_CXX_LIBRARY = "libc++";
				CLANG_ENABLE_MODULES = YES;
				CLANG_ENABLE_OBJC_ARC = YES;
				CLANG_WARN_BOOL_CONVERSION = YES;
				CLANG_WARN_CONSTANT_CONVERSION = YES;
				CLANG_WARN_DIRECT_OBJC_ISA_USAGE = YES_ERROR;
				CLANG_WARN_EMPTY_BODY = YES;
				CLANG_WARN_ENUM_CONVERSION = YES;
				CLANG_WARN_INT_CONVERSION = YES;
				CLANG_WARN_OBJC_ROOT_CLASS = YES_ERROR;
				CLANG_WARN_UNREACHABLE_CODE = YES;
				CLANG_WARN__DUPLICATE_METHOD_MATCH = YES;
				"CODE_SIGN_IDENTITY[sdk=iphoneos*]" = "iPhone Developer";
				COPY_PHASE_STRIP = NO;
				DEBUG_INFORMATION_FORMAT = dwarf;
				ENABLE_STRICT_OBJC_MSGSEND = YES;
				ENABLE_TESTABILITY = YES;
				GCC_C_LANGUAGE_STANDARD = gnu99;
				GCC_DYNAMIC_NO_PIC = NO;
				GCC_NO_COMMON_BLOCKS = YES;
				GCC_OPTIMIZATION_LEVEL = 0;
				GCC_PREPROCESSOR_DEFINITIONS = (
					"DEBUG=1",
					"$(inherited)",
				);
				GCC_WARN_64_TO_32_BIT_CONVERSION = YES;
				GCC_WARN_ABOUT_RETURN_TYPE = YES_ERROR;
				GCC_WARN_UNDECLARED_SELECTOR = YES;
				GCC_WARN_UNINITIALIZED_AUTOS = YES_AGGRESSIVE;
				GCC_WARN_UNUSED_FUNCTION = YES;
				GCC_WARN_UNUSED_VARIABLE = YES;
				IPHONEOS_DEPLOYMENT_TARGET = 9.2;
				MTL_ENABLE_DEBUG_INFO = YES;
				ONLY_ACTIVE_ARCH = YES;
				SDKROOT = iphoneos;
				TARGETED_DEVICE_FAMILY = "1,2";
			};
			name = Debug;
		};
		A43D9F011CEEEC1000BEB72A /* Release */ = {
			isa = XCBuildConfiguration;
			buildSettings = {
				ALWAYS_SEARCH_USER_PATHS = NO;
				CLANG_CXX_LANGUAGE_STANDARD = "gnu++0x";
				CLANG_CXX_LIBRARY = "libc++";
				CLANG_ENABLE_MODULES = YES;
				CLANG_ENABLE_OBJC_ARC = YES;
				CLANG_WARN_BOOL_CONVERSION = YES;
				CLANG_WARN_CONSTANT_CONVERSION = YES;
				CLANG_WARN_DIRECT_OBJC_ISA_USAGE = YES_ERROR;
				CLANG_WARN_EMPTY_BODY = YES;
				CLANG_WARN_ENUM_CONVERSION = YES;
				CLANG_WARN_INT_CONVERSION = YES;
				CLANG_WARN_OBJC_ROOT_CLASS = YES_ERROR;
				CLANG_WARN_UNREACHABLE_CODE = YES;
				CLANG_WARN__DUPLICATE_METHOD_MATCH = YES;
				"CODE_SIGN_IDENTITY[sdk=iphoneos*]" = "iPhone Developer";
				COPY_PHASE_STRIP = NO;
				DEBUG_INFORMATION_FORMAT = "dwarf-with-dsym";
				ENABLE_NS_ASSERTIONS = NO;
				ENABLE_STRICT_OBJC_MSGSEND = YES;
				GCC_C_LANGUAGE_STANDARD = gnu99;
				GCC_NO_COMMON_BLOCKS = YES;
				GCC_WARN_64_TO_32_BIT_CONVERSION = YES;
				GCC_WARN_ABOUT_RETURN_TYPE = YES_ERROR;
				GCC_WARN_UNDECLARED_SELECTOR = YES;
				GCC_WARN_UNINITIALIZED_AUTOS = YES_AGGRESSIVE;
				GCC_WARN_UNUSED_FUNCTION = YES;
				GCC_WARN_UNUSED_VARIABLE = YES;
				IPHONEOS_DEPLOYMENT_TARGET = 9.2;
				MTL_ENABLE_DEBUG_INFO = NO;
				SDKROOT = iphoneos;
				TARGETED_DEVICE_FAMILY = "1,2";
				VALIDATE_PRODUCT = YES;
			};
			name = Release;
		};
		A43D9F031CEEEC1000BEB72A /* Debug */ = {
			isa = XCBuildConfiguration;
			buildSettings = {
				ASSETCATALOG_COMPILER_APPICON_NAME = AppIcon;
				ENABLE_BITCODE = NO;
				INFOPLIST_FILE = SYTransformModelDemo/Info.plist;
				IPHONEOS_DEPLOYMENT_TARGET = 8.3;
				LD_RUNPATH_SEARCH_PATHS = "$(inherited) @executable_path/Frameworks";
				PRODUCT_BUNDLE_IDENTIFIER = com.sunyu.SYTransformModelDemo;
				PRODUCT_NAME = "$(TARGET_NAME)";
			};
			name = Debug;
		};
		A43D9F041CEEEC1000BEB72A /* Release */ = {
			isa = XCBuildConfiguration;
			buildSettings = {
				ASSETCATALOG_COMPILER_APPICON_NAME = AppIcon;
				ENABLE_BITCODE = NO;
				INFOPLIST_FILE = SYTransformModelDemo/Info.plist;
				IPHONEOS_DEPLOYMENT_TARGET = 8.3;
				LD_RUNPATH_SEARCH_PATHS = "$(inherited) @executable_path/Frameworks";
				PRODUCT_BUNDLE_IDENTIFIER = com.sunyu.SYTransformModelDemo;
				PRODUCT_NAME = "$(TARGET_NAME)";
			};
			name = Release;
		};
		A43D9F061CEEEC1000BEB72A /* Debug */ = {
			isa = XCBuildConfiguration;
			buildSettings = {
				BUNDLE_LOADER = "$(TEST_HOST)";
				INFOPLIST_FILE = SYTransformModelDemoTests/Info.plist;
				LD_RUNPATH_SEARCH_PATHS = "$(inherited) @executable_path/Frameworks @loader_path/Frameworks";
				PRODUCT_BUNDLE_IDENTIFIER = com.sunyu.SYTransformModelDemoTests;
				PRODUCT_NAME = "$(TARGET_NAME)";
				TEST_HOST = "$(BUILT_PRODUCTS_DIR)/SYTransformModelDemo.app/SYTransformModelDemo";
			};
			name = Debug;
		};
		A43D9F071CEEEC1000BEB72A /* Release */ = {
			isa = XCBuildConfiguration;
			buildSettings = {
				BUNDLE_LOADER = "$(TEST_HOST)";
				INFOPLIST_FILE = SYTransformModelDemoTests/Info.plist;
				LD_RUNPATH_SEARCH_PATHS = "$(inherited) @executable_path/Frameworks @loader_path/Frameworks";
				PRODUCT_BUNDLE_IDENTIFIER = com.sunyu.SYTransformModelDemoTests;
				PRODUCT_NAME = "$(TARGET_NAME)";
				TEST_HOST = "$(BUILT_PRODUCTS_DIR)/SYTransformModelDemo.app/SYTransformModelDemo";
			};
			name = Release;
		};
/* End XCBuildConfiguration section */

/* Begin XCConfigurationList section */
		A43D9EDB1CEEEC1000BEB72A /* Build configuration list for PBXProject "SYTransformModelDemo" */ = {
			isa = XCConfigurationList;
			buildConfigurations = (
				A43D9F001CEEEC1000BEB72A /* Debug */,
				A43D9F011CEEEC1000BEB72A /* Release */,
			);
			defaultConfigurationIsVisible = 0;
			defaultConfigurationName = Release;
		};
		A43D9F021CEEEC1000BEB72A /* Build configuration list for PBXNativeTarget "SYTransformModelDemo" */ = {
			isa = XCConfigurationList;
			buildConfigurations = (
				A43D9F031CEEEC1000BEB72A /* Debug */,
				A43D9F041CEEEC1000BEB72A /* Release */,
			);
			defaultConfigurationIsVisible = 0;
			defaultConfigurationName = Release;
		};
		A43D9F051CEEEC1000BEB72A /* Build configuration list for PBXNativeTarget "SYTransformModelDemoTests" */ = {
			isa = XCConfigurationList;
			buildConfigurations = (
				A43D9F061CEEEC1000BEB72A /* Debug */,
				A43D9F071CEEEC1000BEB72A /* Release */,
			);
			defaultConfigurationIsVisible = 0;
			defaultConfigurationName = Release;
		};
/* End XCConfigurationList section */
	};
	rootObject = A43D9ED81CEEEC1000BEB72A /* Project object */;
}
